
Microsoft Visual Studio Solution File, Format Version 12.00
# Visual Studio 15
VisualStudioVersion = 15.0.28307.168
MinimumVisualStudioVersion = 10.0.40219.1
Project("{FAE04EC0-301F-11D3-BF4B-00C04F79EFBC}") = "BreakProintUploadAndDownload", "BreakProintUploadAndDownload\BreakProintUploadAndDownload.csproj", "{96C02A63-BE63-4687-90F4-AC5D181FEF9F}"
EndProject
Global
	GlobalSection(SolutionConfigurationPlatforms) = preSolution
		Debug|Any CPU = Debug|Any CPU
		Release|Any CPU = Release|Any CPU
	EndGlobalSection
	GlobalSection(ProjectConfigurationPlatforms) = postSolution
		{96C02A63-BE63-4687-90F4-AC5D181FEF9F}.Debug|Any CPU.ActiveCfg = Debug|Any CPU
		{96C02A63-BE63-4687-90F4-AC5D181FEF9F}.Debug|Any CPU.Build.0 = Debug|Any CPU
		{96C02A63-BE63-4687-90F4-AC5D181FEF9F}.Release|Any CPU.ActiveCfg = Release|Any CPU
		{96C02A63-BE63-4687-90F4-AC5D181FEF9F}.Release|Any CPU.Build.0 = Release|Any CPU
	EndGlobalSection
	GlobalSection(SolutionProperties) = preSolution
		HideSolutionNode = FALSE
	EndGlobalSection
	GlobalSection(ExtensibilityGlobals) = postSolution
		SolutionGuid = {A62746C9-981F-4343-AFB7-FF3A77D271D6}
	EndGlobalSection
EndGlobal
